// !$*UTF8*$!
{
	archiveVersion = 1;
	classes = {
	};
	objectVersion = 56;
	objects = {

/* Begin PBXBuildFile section */
		920D010529E5AD9A00FE464D /* SearchBarView.swift in Sources */ = {isa = PBXBuildFile; fileRef = 920D010429E5AD9A00FE464D /* SearchBarView.swift */; };
		920D010829E5B3E800FE464D /* CornerRadiusStyle.swift in Sources */ = {isa = PBXBuildFile; fileRef = 920D010729E5B3E800FE464D /* CornerRadiusStyle.swift */; };
		924297F829DF3AD700D8FD21 /* SignUpView.swift in Sources */ = {isa = PBXBuildFile; fileRef = 924297F729DF3AD700D8FD21 /* SignUpView.swift */; };
		924297FA29DF3D7E00D8FD21 /* VerificationView.swift in Sources */ = {isa = PBXBuildFile; fileRef = 924297F929DF3D7E00D8FD21 /* VerificationView.swift */; };
		924297FC29DF43E400D8FD21 /* ResetPasswordView.swift in Sources */ = {isa = PBXBuildFile; fileRef = 924297FB29DF43E400D8FD21 /* ResetPasswordView.swift */; };
		924297FE29DF463C00D8FD21 /* MainView.swift in Sources */ = {isa = PBXBuildFile; fileRef = 924297FD29DF463C00D8FD21 /* MainView.swift */; };
		9242980229DF46AA00D8FD21 /* HomeView.swift in Sources */ = {isa = PBXBuildFile; fileRef = 9242980129DF46AA00D8FD21 /* HomeView.swift */; };
		9242980529DF46D200D8FD21 /* EventsView.swift in Sources */ = {isa = PBXBuildFile; fileRef = 9242980429DF46D200D8FD21 /* EventsView.swift */; };
		9242980829DF46F000D8FD21 /* MapView.swift in Sources */ = {isa = PBXBuildFile; fileRef = 9242980729DF46F000D8FD21 /* MapView.swift */; };
		9242980B29DF471100D8FD21 /* ProfileView.swift in Sources */ = {isa = PBXBuildFile; fileRef = 9242980A29DF471100D8FD21 /* ProfileView.swift */; };
		9242981029DF4ECD00D8FD21 /* OnboardingView.swift in Sources */ = {isa = PBXBuildFile; fileRef = 9242980F29DF4ECD00D8FD21 /* OnboardingView.swift */; };
		9242981229DF52BB00D8FD21 /* SegmentProgressView.swift in Sources */ = {isa = PBXBuildFile; fileRef = 9242981129DF52BB00D8FD21 /* SegmentProgressView.swift */; };
		926AC95D29DEEFB6004FE288 /* EventHubApp.swift in Sources */ = {isa = PBXBuildFile; fileRef = 926AC95C29DEEFB6004FE288 /* EventHubApp.swift */; };
		926AC96129DEEFB8004FE288 /* Assets.xcassets in Resources */ = {isa = PBXBuildFile; fileRef = 926AC96029DEEFB8004FE288 /* Assets.xcassets */; };
		926AC96429DEEFB8004FE288 /* Preview Assets.xcassets in Resources */ = {isa = PBXBuildFile; fileRef = 926AC96329DEEFB8004FE288 /* Preview Assets.xcassets */; };
		926AC96C29DEF0CF004FE288 /* SplashView.swift in Sources */ = {isa = PBXBuildFile; fileRef = 926AC96B29DEF0CF004FE288 /* SplashView.swift */; };
		926AC96E29DEF2BE004FE288 /* SignInView.swift in Sources */ = {isa = PBXBuildFile; fileRef = 926AC96D29DEF2BE004FE288 /* SignInView.swift */; };
		926AC97029DEFEBD004FE288 /* Colors.swift in Sources */ = {isa = PBXBuildFile; fileRef = 926AC96F29DEFEBD004FE288 /* Colors.swift */; };
/* End PBXBuildFile section */

/* Begin PBXFileReference section */
		920D010429E5AD9A00FE464D /* SearchBarView.swift */ = {isa = PBXFileReference; lastKnownFileType = sourcecode.swift; path = SearchBarView.swift; sourceTree = "<group>"; };
		920D010729E5B3E800FE464D /* CornerRadiusStyle.swift */ = {isa = PBXFileReference; lastKnownFileType = sourcecode.swift; path = CornerRadiusStyle.swift; sourceTree = "<group>"; };
		924297F729DF3AD700D8FD21 /* SignUpView.swift */ = {isa = PBXFileReference; lastKnownFileType = sourcecode.swift; path = SignUpView.swift; sourceTree = "<group>"; };
		924297F929DF3D7E00D8FD21 /* VerificationView.swift */ = {isa = PBXFileReference; lastKnownFileType = sourcecode.swift; path = VerificationView.swift; sourceTree = "<group>"; };
		924297FB29DF43E400D8FD21 /* ResetPasswordView.swift */ = {isa = PBXFileReference; lastKnownFileType = sourcecode.swift; path = ResetPasswordView.swift; sourceTree = "<group>"; };
		924297FD29DF463C00D8FD21 /* MainView.swift */ = {isa = PBXFileReference; lastKnownFileType = sourcecode.swift; path = MainView.swift; sourceTree = "<group>"; };
		9242980129DF46AA00D8FD21 /* HomeView.swift */ = {isa = PBXFileReference; lastKnownFileType = sourcecode.swift; path = HomeView.swift; sourceTree = "<group>"; };
		9242980429DF46D200D8FD21 /* EventsView.swift */ = {isa = PBXFileReference; lastKnownFileType = sourcecode.swift; path = EventsView.swift; sourceTree = "<group>"; };
		9242980729DF46F000D8FD21 /* MapView.swift */ = {isa = PBXFileReference; lastKnownFileType = sourcecode.swift; path = MapView.swift; sourceTree = "<group>"; };
		9242980A29DF471100D8FD21 /* ProfileView.swift */ = {isa = PBXFileReference; lastKnownFileType = sourcecode.swift; path = ProfileView.swift; sourceTree = "<group>"; };
		9242980F29DF4ECD00D8FD21 /* OnboardingView.swift */ = {isa = PBXFileReference; lastKnownFileType = sourcecode.swift; path = OnboardingView.swift; sourceTree = "<group>"; };
		9242981129DF52BB00D8FD21 /* SegmentProgressView.swift */ = {isa = PBXFileReference; lastKnownFileType = sourcecode.swift; path = SegmentProgressView.swift; sourceTree = "<group>"; };
		926AC95929DEEFB6004FE288 /* EventHub.app */ = {isa = PBXFileReference; explicitFileType = wrapper.application; includeInIndex = 0; path = EventHub.app; sourceTree = BUILT_PRODUCTS_DIR; };
		926AC95C29DEEFB6004FE288 /* EventHubApp.swift */ = {isa = PBXFileReference; lastKnownFileType = sourcecode.swift; path = EventHubApp.swift; sourceTree = "<group>"; };
		926AC96029DEEFB8004FE288 /* Assets.xcassets */ = {isa = PBXFileReference; lastKnownFileType = folder.assetcatalog; path = Assets.xcassets; sourceTree = "<group>"; };
		926AC96329DEEFB8004FE288 /* Preview Assets.xcassets */ = {isa = PBXFileReference; lastKnownFileType = folder.assetcatalog; path = "Preview Assets.xcassets"; sourceTree = "<group>"; };
		926AC96B29DEF0CF004FE288 /* SplashView.swift */ = {isa = PBXFileReference; lastKnownFileType = sourcecode.swift; path = SplashView.swift; sourceTree = "<group>"; };
		926AC96D29DEF2BE004FE288 /* SignInView.swift */ = {isa = PBXFileReference; lastKnownFileType = sourcecode.swift; path = SignInView.swift; sourceTree = "<group>"; };
		926AC96F29DEFEBD004FE288 /* Colors.swift */ = {isa = PBXFileReference; lastKnownFileType = sourcecode.swift; path = Colors.swift; sourceTree = "<group>"; };
/* End PBXFileReference section */

/* Begin PBXFrameworksBuildPhase section */
		926AC95629DEEFB6004FE288 /* Frameworks */ = {
			isa = PBXFrameworksBuildPhase;
			buildActionMask = 2147483647;
			files = (
			);
			runOnlyForDeploymentPostprocessing = 0;
		};
/* End PBXFrameworksBuildPhase section */

/* Begin PBXGroup section */
		920D010629E5B3C600FE464D /* ViewModifiers */ = {
			isa = PBXGroup;
			children = (
				920D010729E5B3E800FE464D /* CornerRadiusStyle.swift */,
			);
			path = ViewModifiers;
			sourceTree = "<group>";
		};
		924297FF29DF466D00D8FD21 /* Main */ = {
			isa = PBXGroup;
			children = (
				924297FD29DF463C00D8FD21 /* MainView.swift */,
			);
			path = Main;
			sourceTree = "<group>";
		};
		9242980029DF469A00D8FD21 /* Home */ = {
			isa = PBXGroup;
			children = (
				9242980129DF46AA00D8FD21 /* HomeView.swift */,
				920D010429E5AD9A00FE464D /* SearchBarView.swift */,
			);
			path = Home;
			sourceTree = "<group>";
		};
		9242980329DF46B900D8FD21 /* Events */ = {
			isa = PBXGroup;
			children = (
				9242980429DF46D200D8FD21 /* EventsView.swift */,
			);
			path = Events;
			sourceTree = "<group>";
		};
		9242980629DF46E100D8FD21 /* Map */ = {
			isa = PBXGroup;
			children = (
				9242980729DF46F000D8FD21 /* MapView.swift */,
			);
			path = Map;
			sourceTree = "<group>";
		};
		9242980929DF46FF00D8FD21 /* Profile */ = {
			isa = PBXGroup;
			children = (
				9242980A29DF471100D8FD21 /* ProfileView.swift */,
			);
			path = Profile;
			sourceTree = "<group>";
		};
		9242980C29DF496A00D8FD21 /* Login&Registration */ = {
			isa = PBXGroup;
			children = (
				926AC96D29DEF2BE004FE288 /* SignInView.swift */,
				924297F729DF3AD700D8FD21 /* SignUpView.swift */,
				924297F929DF3D7E00D8FD21 /* VerificationView.swift */,
				924297FB29DF43E400D8FD21 /* ResetPasswordView.swift */,
			);
			path = "Login&Registration";
			sourceTree = "<group>";
		};
		9242980D29DF498A00D8FD21 /* Helpers */ = {
			isa = PBXGroup;
			children = (
				926AC96F29DEFEBD004FE288 /* Colors.swift */,
				9242981129DF52BB00D8FD21 /* SegmentProgressView.swift */,
			);
			path = Helpers;
			sourceTree = "<group>";
		};
		9242980E29DF4EB200D8FD21 /* Onboarding */ = {
			isa = PBXGroup;
			children = (
				9242980F29DF4ECD00D8FD21 /* OnboardingView.swift */,
			);
			path = Onboarding;
			sourceTree = "<group>";
		};
		926AC95029DEEFB6004FE288 = {
			isa = PBXGroup;
			children = (
				926AC95B29DEEFB6004FE288 /* EventHub */,
				926AC95A29DEEFB6004FE288 /* Products */,
			);
			sourceTree = "<group>";
		};
		926AC95A29DEEFB6004FE288 /* Products */ = {
			isa = PBXGroup;
			children = (
				926AC95929DEEFB6004FE288 /* EventHub.app */,
			);
			name = Products;
			sourceTree = "<group>";
		};
		926AC95B29DEEFB6004FE288 /* EventHub */ = {
			isa = PBXGroup;
			children = (
				920D010629E5B3C600FE464D /* ViewModifiers */,
				9242980E29DF4EB200D8FD21 /* Onboarding */,
				926AC95C29DEEFB6004FE288 /* EventHubApp.swift */,
				926AC96A29DEF08A004FE288 /* Splash */,
				9242980C29DF496A00D8FD21 /* Login&Registration */,
				924297FF29DF466D00D8FD21 /* Main */,
				9242980029DF469A00D8FD21 /* Home */,
				9242980329DF46B900D8FD21 /* Events */,
				9242980629DF46E100D8FD21 /* Map */,
				9242980929DF46FF00D8FD21 /* Profile */,
				9242980D29DF498A00D8FD21 /* Helpers */,
				926AC96029DEEFB8004FE288 /* Assets.xcassets */,
				926AC96229DEEFB8004FE288 /* Preview Content */,
			);
			path = EventHub;
			sourceTree = "<group>";
		};
		926AC96229DEEFB8004FE288 /* Preview Content */ = {
			isa = PBXGroup;
			children = (
				926AC96329DEEFB8004FE288 /* Preview Assets.xcassets */,
			);
			path = "Preview Content";
			sourceTree = "<group>";
		};
		926AC96A29DEF08A004FE288 /* Splash */ = {
			isa = PBXGroup;
			children = (
				926AC96B29DEF0CF004FE288 /* SplashView.swift */,
			);
			path = Splash;
			sourceTree = "<group>";
		};
/* End PBXGroup section */

/* Begin PBXNativeTarget section */
		926AC95829DEEFB6004FE288 /* EventHub */ = {
			isa = PBXNativeTarget;
			buildConfigurationList = 926AC96729DEEFB8004FE288 /* Build configuration list for PBXNativeTarget "EventHub" */;
			buildPhases = (
				926AC95529DEEFB6004FE288 /* Sources */,
				926AC95629DEEFB6004FE288 /* Frameworks */,
				926AC95729DEEFB6004FE288 /* Resources */,
			);
			buildRules = (
			);
			dependencies = (
			);
			name = EventHub;
			productName = EventHub;
			productReference = 926AC95929DEEFB6004FE288 /* EventHub.app */;
			productType = "com.apple.product-type.application";
		};
/* End PBXNativeTarget section */

/* Begin PBXProject section */
		926AC95129DEEFB6004FE288 /* Project object */ = {
			isa = PBXProject;
			attributes = {
				BuildIndependentTargetsInParallel = 1;
				LastSwiftUpdateCheck = 1420;
				LastUpgradeCheck = 1420;
				TargetAttributes = {
					926AC95829DEEFB6004FE288 = {
						CreatedOnToolsVersion = 14.2;
					};
				};
			};
			buildConfigurationList = 926AC95429DEEFB6004FE288 /* Build configuration list for PBXProject "EventHub" */;
			compatibilityVersion = "Xcode 14.0";
			developmentRegion = en;
			hasScannedForEncodings = 0;
			knownRegions = (
				en,
				Base,
			);
			mainGroup = 926AC95029DEEFB6004FE288;
			productRefGroup = 926AC95A29DEEFB6004FE288 /* Products */;
			projectDirPath = "";
			projectRoot = "";
			targets = (
				926AC95829DEEFB6004FE288 /* EventHub */,
			);
		};
/* End PBXProject section */

/* Begin PBXResourcesBuildPhase section */
		926AC95729DEEFB6004FE288 /* Resources */ = {
			isa = PBXResourcesBuildPhase;
			buildActionMask = 2147483647;
			files = (
				926AC96429DEEFB8004FE288 /* Preview Assets.xcassets in Resources */,
				926AC96129DEEFB8004FE288 /* Assets.xcassets in Resources */,
			);
			runOnlyForDeploymentPostprocessing = 0;
		};
/* End PBXResourcesBuildPhase section */

/* Begin PBXSourcesBuildPhase section */
		926AC95529DEEFB6004FE288 /* Sources */ = {
			isa = PBXSourcesBuildPhase;
			buildActionMask = 2147483647;
			files = (
				9242980229DF46AA00D8FD21 /* HomeView.swift in Sources */,
				9242980529DF46D200D8FD21 /* EventsView.swift in Sources */,
				926AC96E29DEF2BE004FE288 /* SignInView.swift in Sources */,
				9242981229DF52BB00D8FD21 /* SegmentProgressView.swift in Sources */,
				920D010829E5B3E800FE464D /* CornerRadiusStyle.swift in Sources */,
				9242980829DF46F000D8FD21 /* MapView.swift in Sources */,
				9242980B29DF471100D8FD21 /* ProfileView.swift in Sources */,
				924297FE29DF463C00D8FD21 /* MainView.swift in Sources */,
				924297F829DF3AD700D8FD21 /* SignUpView.swift in Sources */,
				924297FC29DF43E400D8FD21 /* ResetPasswordView.swift in Sources */,
				926AC97029DEFEBD004FE288 /* Colors.swift in Sources */,
				920D010529E5AD9A00FE464D /* SearchBarView.swift in Sources */,
				924297FA29DF3D7E00D8FD21 /* VerificationView.swift in Sources */,
				926AC95D29DEEFB6004FE288 /* EventHubApp.swift in Sources */,
				9242981029DF4ECD00D8FD21 /* OnboardingView.swift in Sources */,
				926AC96C29DEF0CF004FE288 /* SplashView.swift in Sources */,
			);
			runOnlyForDeploymentPostprocessing = 0;
		};
/* End PBXSourcesBuildPhase section */

/* Begin XCBuildConfiguration section */
		926AC96529DEEFB8004FE288 /* Debug */ = {
			isa = XCBuildConfiguration;
			buildSettings = {
				ALWAYS_SEARCH_USER_PATHS = NO;
				CLANG_ANALYZER_NONNULL = YES;
				CLANG_ANALYZER_NUMBER_OBJECT_CONVERSION = YES_AGGRESSIVE;
				CLANG_CXX_LANGUAGE_STANDARD = "gnu++20";
				CLANG_ENABLE_MODULES = YES;
				CLANG_ENABLE_OBJC_ARC = YES;
				CLANG_ENABLE_OBJC_WEAK = YES;
				CLANG_WARN_BLOCK_CAPTURE_AUTORELEASING = YES;
				CLANG_WARN_BOOL_CONVERSION = YES;
				CLANG_WARN_COMMA = YES;
				CLANG_WARN_CONSTANT_CONVERSION = YES;
				CLANG_WARN_DEPRECATED_OBJC_IMPLEMENTATIONS = YES;
				CLANG_WARN_DIRECT_OBJC_ISA_USAGE = YES_ERROR;
				CLANG_WARN_DOCUMENTATION_COMMENTS = YES;
				CLANG_WARN_EMPTY_BODY = YES;
				CLANG_WARN_ENUM_CONVERSION = YES;
				CLANG_WARN_INFINITE_RECURSION = YES;
				CLANG_WARN_INT_CONVERSION = YES;
				CLANG_WARN_NON_LITERAL_NULL_CONVERSION = YES;
				CLANG_WARN_OBJC_IMPLICIT_RETAIN_SELF = YES;
				CLANG_WARN_OBJC_LITERAL_CONVERSION = YES;
				CLANG_WARN_OBJC_ROOT_CLASS = YES_ERROR;
				CLANG_WARN_QUOTED_INCLUDE_IN_FRAMEWORK_HEADER = YES;
				CLANG_WARN_RANGE_LOOP_ANALYSIS = YES;
				CLANG_WARN_STRICT_PROTOTYPES = YES;
				CLANG_WARN_SUSPICIOUS_MOVE = YES;
				CLANG_WARN_UNGUARDED_AVAILABILITY = YES_AGGRESSIVE;
				CLANG_WARN_UNREACHABLE_CODE = YES;
				CLANG_WARN__DUPLICATE_METHOD_MATCH = YES;
				COPY_PHASE_STRIP = NO;
				DEBUG_INFORMATION_FORMAT = dwarf;
				ENABLE_STRICT_OBJC_MSGSEND = YES;
				ENABLE_TESTABILITY = YES;
				GCC_C_LANGUAGE_STANDARD = gnu11;
				GCC_DYNAMIC_NO_PIC = NO;
				GCC_NO_COMMON_BLOCKS = YES;
				GCC_OPTIMIZATION_LEVEL = 0;
				GCC_PREPROCESSOR_DEFINITIONS = (
					"DEBUG=1",
					"$(inherited)",
				);
				GCC_WARN_64_TO_32_BIT_CONVERSION = YES;
				GCC_WARN_ABOUT_RETURN_TYPE = YES_ERROR;
				GCC_WARN_UNDECLARED_SELECTOR = YES;
				GCC_WARN_UNINITIALIZED_AUTOS = YES_AGGRESSIVE;
				GCC_WARN_UNUSED_FUNCTION = YES;
				GCC_WARN_UNUSED_VARIABLE = YES;
				IPHONEOS_DEPLOYMENT_TARGET = 16.2;
				MTL_ENABLE_DEBUG_INFO = INCLUDE_SOURCE;
				MTL_FAST_MATH = YES;
				ONLY_ACTIVE_ARCH = YES;
				SDKROOT = iphoneos;
				SWIFT_ACTIVE_COMPILATION_CONDITIONS = DEBUG;
				SWIFT_OPTIMIZATION_LEVEL = "-Onone";
			};
			name = Debug;
		};
		926AC96629DEEFB8004FE288 /* Release */ = {
			isa = XCBuildConfiguration;
			buildSettings = {
				ALWAYS_SEARCH_USER_PATHS = NO;
				CLANG_ANALYZER_NONNULL = YES;
				CLANG_ANALYZER_NUMBER_OBJECT_CONVERSION = YES_AGGRESSIVE;
				CLANG_CXX_LANGUAGE_STANDARD = "gnu++20";
				CLANG_ENABLE_MODULES = YES;
				CLANG_ENABLE_OBJC_ARC = YES;
				CLANG_ENABLE_OBJC_WEAK = YES;
				CLANG_WARN_BLOCK_CAPTURE_AUTORELEASING = YES;
				CLANG_WARN_BOOL_CONVERSION = YES;
				CLANG_WARN_COMMA = YES;
				CLANG_WARN_CONSTANT_CONVERSION = YES;
				CLANG_WARN_DEPRECATED_OBJC_IMPLEMENTATIONS = YES;
				CLANG_WARN_DIRECT_OBJC_ISA_USAGE = YES_ERROR;
				CLANG_WARN_DOCUMENTATION_COMMENTS = YES;
				CLANG_WARN_EMPTY_BODY = YES;
				CLANG_WARN_ENUM_CONVERSION = YES;
				CLANG_WARN_INFINITE_RECURSION = YES;
				CLANG_WARN_INT_CONVERSION = YES;
				CLANG_WARN_NON_LITERAL_NULL_CONVERSION = YES;
				CLANG_WARN_OBJC_IMPLICIT_RETAIN_SELF = YES;
				CLANG_WARN_OBJC_LITERAL_CONVERSION = YES;
				CLANG_WARN_OBJC_ROOT_CLASS = YES_ERROR;
				CLANG_WARN_QUOTED_INCLUDE_IN_FRAMEWORK_HEADER = YES;
				CLANG_WARN_RANGE_LOOP_ANALYSIS = YES;
				CLANG_WARN_STRICT_PROTOTYPES = YES;
				CLANG_WARN_SUSPICIOUS_MOVE = YES;
				CLANG_WARN_UNGUARDED_AVAILABILITY = YES_AGGRESSIVE;
				CLANG_WARN_UNREACHABLE_CODE = YES;
				CLANG_WARN__DUPLICATE_METHOD_MATCH = YES;
				COPY_PHASE_STRIP = NO;
				DEBUG_INFORMATION_FORMAT = "dwarf-with-dsym";
				ENABLE_NS_ASSERTIONS = NO;
				ENABLE_STRICT_OBJC_MSGSEND = YES;
				GCC_C_LANGUAGE_STANDARD = gnu11;
				GCC_NO_COMMON_BLOCKS = YES;
				GCC_WARN_64_TO_32_BIT_CONVERSION = YES;
				GCC_WARN_ABOUT_RETURN_TYPE = YES_ERROR;
				GCC_WARN_UNDECLARED_SELECTOR = YES;
				GCC_WARN_UNINITIALIZED_AUTOS = YES_AGGRESSIVE;
				GCC_WARN_UNUSED_FUNCTION = YES;
				GCC_WARN_UNUSED_VARIABLE = YES;
				IPHONEOS_DEPLOYMENT_TARGET = 16.2;
				MTL_ENABLE_DEBUG_INFO = NO;
				MTL_FAST_MATH = YES;
				SDKROOT = iphoneos;
				SWIFT_COMPILATION_MODE = wholemodule;
				SWIFT_OPTIMIZATION_LEVEL = "-O";
				VALIDATE_PRODUCT = YES;
			};
			name = Release;
		};
		926AC96829DEEFB8004FE288 /* Debug */ = {
			isa = XCBuildConfiguration;
			buildSettings = {
				ASSETCATALOG_COMPILER_APPICON_NAME = AppIcon;
				ASSETCATALOG_COMPILER_GLOBAL_ACCENT_COLOR_NAME = AccentColor;
				CODE_SIGN_STYLE = Automatic;
				CURRENT_PROJECT_VERSION = 1;
				DEVELOPMENT_ASSET_PATHS = "\"EventHub/Preview Content\"";
				DEVELOPMENT_TEAM = 72NQPP668A;
				ENABLE_PREVIEWS = YES;
				GENERATE_INFOPLIST_FILE = YES;
				INFOPLIST_KEY_UIApplicationSceneManifest_Generation = YES;
				INFOPLIST_KEY_UIApplicationSupportsIndirectInputEvents = YES;
				INFOPLIST_KEY_UILaunchScreen_Generation = YES;
				INFOPLIST_KEY_UISupportedInterfaceOrientations = UIInterfaceOrientationPortrait;
				IPHONEOS_DEPLOYMENT_TARGET = 15.2;
				LD_RUNPATH_SEARCH_PATHS = (
					"$(inherited)",
					"@executable_path/Frameworks",
				);
				MARKETING_VERSION = 1.0;
				PRODUCT_BUNDLE_IDENTIFIER = com.EventHub;
				PRODUCT_NAME = "$(TARGET_NAME)";
				SWIFT_EMIT_LOC_STRINGS = YES;
				SWIFT_VERSION = 5.0;
				TARGETED_DEVICE_FAMILY = "1,2";
			};
			name = Debug;
		};
		926AC96929DEEFB8004FE288 /* Release */ = {
			isa = XCBuildConfiguration;
			buildSettings = {
				ASSETCATALOG_COMPILER_APPICON_NAME = AppIcon;
				ASSETCATALOG_COMPILER_GLOBAL_ACCENT_COLOR_NAME = AccentColor;
				CODE_SIGN_STYLE = Automatic;
				CURRENT_PROJECT_VERSION = 1;
				DEVELOPMENT_ASSET_PATHS = "\"EventHub/Preview Content\"";
				DEVELOPMENT_TEAM = 72NQPP668A;
				ENABLE_PREVIEWS = YES;
				GENERATE_INFOPLIST_FILE = YES;
				INFOPLIST_KEY_UIApplicationSceneManifest_Generation = YES;
				INFOPLIST_KEY_UIApplicationSupportsIndirectInputEvents = YES;
				INFOPLIST_KEY_UILaunchScreen_Generation = YES;
				INFOPLIST_KEY_UISupportedInterfaceOrientations = UIInterfaceOrientationPortrait;
				IPHONEOS_DEPLOYMENT_TARGET = 15.2;
				LD_RUNPATH_SEARCH_PATHS = (
					"$(inherited)",
					"@executable_path/Frameworks",
				);
				MARKETING_VERSION = 1.0;
				PRODUCT_BUNDLE_IDENTIFIER = com.EventHub;
				PRODUCT_NAME = "$(TARGET_NAME)";
				SWIFT_EMIT_LOC_STRINGS = YES;
				SWIFT_VERSION = 5.0;
				TARGETED_DEVICE_FAMILY = "1,2";
			};
			name = Release;
		};
/* End XCBuildConfiguration section */

/* Begin XCConfigurationList section */
		926AC95429DEEFB6004FE288 /* Build configuration list for PBXProject "EventHub" */ = {
			isa = XCConfigurationList;
			buildConfigurations = (
				926AC96529DEEFB8004FE288 /* Debug */,
				926AC96629DEEFB8004FE288 /* Release */,
			);
			defaultConfigurationIsVisible = 0;
			defaultConfigurationName = Release;
		};
		926AC96729DEEFB8004FE288 /* Build configuration list for PBXNativeTarget "EventHub" */ = {
			isa = XCConfigurationList;
			buildConfigurations = (
				926AC96829DEEFB8004FE288 /* Debug */,
				926AC96929DEEFB8004FE288 /* Release */,
			);
			defaultConfigurationIsVisible = 0;
			defaultConfigurationName = Release;
		};
/* End XCConfigurationList section */
	};
	rootObject = 926AC95129DEEFB6004FE288 /* Project object */;
}
