{
  "pins" : [
    {
      "identity" : "swiftfulrouting",
      "kind" : "remoteSourceControl",
      "location" : "https://github.com/SwiftfulThinking/SwiftfulRouting.git",
      "state" : {
        "revision" : "f32b6fb9178d2074a10b0612a77437e6dea1f47c",
        "version" : "5.1.0"
      }
    },
    {
      "identity" : "swiftui-cached-async-image",
      "kind" : "remoteSourceControl",
      "location" : "https://github.com/lorenzofiamingo/swiftui-cached-async-image",
      "state" : {
        "revision" : "467a3d17479887943ab917a379e62bbaff60ac8a",
        "version" : "2.1.1"
      }
    },
    {
      "identity" : "swiftui-map-item-picker",
      "kind" : "remoteSourceControl",
      "location" : "https://github.com/lorenzofiamingo/swiftui-map-item-picker",
      "state" : {
        "revision" : "48e0bdbcecc901b0cfd6962f0b42225136789c07",
        "version" : "2.0.0"
      }
    }
  ],
  "version" : 2
}
